
Microsoft Visual Studio Solution File, Format Version 12.00
# Visual Studio Version 17
VisualStudioVersion = 17.3.32819.101
MinimumVisualStudioVersion = 10.0.40219.1
Project("{FAE04EC0-301F-11D3-BF4B-00C04F79EFBC}") = "DataAdapterOleDBForm", "DataAdapterOleDBForm\DataAdapterOleDBForm.csproj", "{43A307F3-A5F1-41C3-9344-EF8D663A29AF}"
EndProject
Global
	GlobalSection(SolutionConfigurationPlatforms) = preSolution
		Debug|Any CPU = Debug|Any CPU
		Release|Any CPU = Release|Any CPU
	EndGlobalSection
	GlobalSection(ProjectConfigurationPlatforms) = postSolution
		{43A307F3-A5F1-41C3-9344-EF8D663A29AF}.Debug|Any CPU.ActiveCfg = Debug|Any CPU
		{43A307F3-A5F1-41C3-9344-EF8D663A29AF}.Debug|Any CPU.Build.0 = Debug|Any CPU
		{43A307F3-A5F1-41C3-9344-EF8D663A29AF}.Release|Any CPU.ActiveCfg = Release|Any CPU
		{43A307F3-A5F1-41C3-9344-EF8D663A29AF}.Release|Any CPU.Build.0 = Release|Any CPU
	EndGlobalSection
	GlobalSection(SolutionProperties) = preSolution
		HideSolutionNode = FALSE
	EndGlobalSection
	GlobalSection(ExtensibilityGlobals) = postSolution
		SolutionGuid = {3FC9CC79-9B4D-4542-90C4-8C31F289DB8F}
	EndGlobalSection
EndGlobal
